
Microsoft Visual Studio Solution File, Format Version 12.00
# Visual Studio 2012
Project("{FAE04EC0-301F-11D3-BF4B-00C04F79EFBC}") = "assignment 4-1", "assignment 4-1\assignment 4-1.csproj", "{B8C157A5-B029-4B24-A91E-E5B0252232BE}"
EndProject
Global
	GlobalSection(SolutionConfigurationPlatforms) = preSolution
		Debug|Any CPU = Debug|Any CPU
		Release|Any CPU = Release|Any CPU
	EndGlobalSection
	GlobalSection(ProjectConfigurationPlatforms) = postSolution
		{B8C157A5-B029-4B24-A91E-E5B0252232BE}.Debug|Any CPU.ActiveCfg = Debug|Any CPU
		{B8C157A5-B029-4B24-A91E-E5B0252232BE}.Debug|Any CPU.Build.0 = Debug|Any CPU
		{B8C157A5-B029-4B24-A91E-E5B0252232BE}.Release|Any CPU.ActiveCfg = Release|Any CPU
		{B8C157A5-B029-4B24-A91E-E5B0252232BE}.Release|Any CPU.Build.0 = Release|Any CPU
	EndGlobalSection
	GlobalSection(SolutionProperties) = preSolution
		HideSolutionNode = FALSE
	EndGlobalSection
EndGlobal
